// !$*UTF8*$!
{
	archiveVersion = 1;
	classes = {
	};
	objectVersion = 50;
	objects = {

/* Begin PBXBuildFile section */
		28F03980210A19DD00F56BC7 /* Table.swift in Sources */ = {isa = PBXBuildFile; fileRef = 28F0397F210A19DD00F56BC7 /* Table.swift */; };
		682CEFA7210A10380000327C /* AppDelegate.swift in Sources */ = {isa = PBXBuildFile; fileRef = 682CEFA6210A10380000327C /* AppDelegate.swift */; };
		682CEFA9210A10380000327C /* ViewController.swift in Sources */ = {isa = PBXBuildFile; fileRef = 682CEFA8210A10380000327C /* ViewController.swift */; };
		682CEFAC210A10380000327C /* Main.storyboard in Resources */ = {isa = PBXBuildFile; fileRef = 682CEFAA210A10380000327C /* Main.storyboard */; };
		682CEFAE210A10390000327C /* Assets.xcassets in Resources */ = {isa = PBXBuildFile; fileRef = 682CEFAD210A10390000327C /* Assets.xcassets */; };
		682CEFB1210A10390000327C /* LaunchScreen.storyboard in Resources */ = {isa = PBXBuildFile; fileRef = 682CEFAF210A10390000327C /* LaunchScreen.storyboard */; };
		682CEFC5210A1DC10000327C /* GuestsViewController.swift in Sources */ = {isa = PBXBuildFile; fileRef = 682CEFC3210A1DC10000327C /* GuestsViewController.swift */; };
		682CEFC6210A1DC10000327C /* GuestsViewController.xib in Resources */ = {isa = PBXBuildFile; fileRef = 682CEFC4210A1DC10000327C /* GuestsViewController.xib */; };
/* End PBXBuildFile section */

/* Begin PBXFileReference section */
		28F0397F210A19DD00F56BC7 /* Table.swift */ = {isa = PBXFileReference; lastKnownFileType = sourcecode.swift; path = Table.swift; sourceTree = "<group>"; };
		682CEFA3210A10380000327C /* KnotSeatingHackathon.app */ = {isa = PBXFileReference; explicitFileType = wrapper.application; includeInIndex = 0; path = KnotSeatingHackathon.app; sourceTree = BUILT_PRODUCTS_DIR; };
		682CEFA6210A10380000327C /* AppDelegate.swift */ = {isa = PBXFileReference; lastKnownFileType = sourcecode.swift; path = AppDelegate.swift; sourceTree = "<group>"; };
		682CEFA8210A10380000327C /* ViewController.swift */ = {isa = PBXFileReference; lastKnownFileType = sourcecode.swift; path = ViewController.swift; sourceTree = "<group>"; };
		682CEFAB210A10380000327C /* Base */ = {isa = PBXFileReference; lastKnownFileType = file.storyboard; name = Base; path = Base.lproj/Main.storyboard; sourceTree = "<group>"; };
		682CEFAD210A10390000327C /* Assets.xcassets */ = {isa = PBXFileReference; lastKnownFileType = folder.assetcatalog; path = Assets.xcassets; sourceTree = "<group>"; };
		682CEFB0210A10390000327C /* Base */ = {isa = PBXFileReference; lastKnownFileType = file.storyboard; name = Base; path = Base.lproj/LaunchScreen.storyboard; sourceTree = "<group>"; };
		682CEFB2210A10390000327C /* Info.plist */ = {isa = PBXFileReference; lastKnownFileType = text.plist.xml; path = Info.plist; sourceTree = "<group>"; };
		682CEFC3210A1DC10000327C /* GuestsViewController.swift */ = {isa = PBXFileReference; lastKnownFileType = sourcecode.swift; path = GuestsViewController.swift; sourceTree = "<group>"; };
		682CEFC4210A1DC10000327C /* GuestsViewController.xib */ = {isa = PBXFileReference; lastKnownFileType = file.xib; path = GuestsViewController.xib; sourceTree = "<group>"; };
/* End PBXFileReference section */

/* Begin PBXFrameworksBuildPhase section */
		682CEFA0210A10380000327C /* Frameworks */ = {
			isa = PBXFrameworksBuildPhase;
			buildActionMask = 2147483647;
			files = (
			);
			runOnlyForDeploymentPostprocessing = 0;
		};
/* End PBXFrameworksBuildPhase section */

/* Begin PBXGroup section */
		28F0397B210A196600F56BC7 /* Supporting Files */ = {
			isa = PBXGroup;
			children = (
				682CEFA6210A10380000327C /* AppDelegate.swift */,
				682CEFAD210A10390000327C /* Assets.xcassets */,
				682CEFAF210A10390000327C /* LaunchScreen.storyboard */,
			);
			path = "Supporting Files";
			sourceTree = "<group>";
		};
		28F0397C210A197D00F56BC7 /* Models */ = {
			isa = PBXGroup;
			children = (
				28F0397F210A19DD00F56BC7 /* Table.swift */,
			);
			path = Models;
			sourceTree = "<group>";
		};
		28F0397D210A198B00F56BC7 /* Views */ = {
			isa = PBXGroup;
			children = (
			);
			path = Views;
			sourceTree = "<group>";
		};
		682CEF9A210A10380000327C = {
			isa = PBXGroup;
			children = (
				682CEFA5210A10380000327C /* KnotSeatingHackathon */,
				682CEFA4210A10380000327C /* Products */,
			);
			sourceTree = "<group>";
		};
		682CEFA4210A10380000327C /* Products */ = {
			isa = PBXGroup;
			children = (
				682CEFA3210A10380000327C /* KnotSeatingHackathon.app */,
			);
			name = Products;
			sourceTree = "<group>";
		};
		682CEFA5210A10380000327C /* KnotSeatingHackathon */ = {
			isa = PBXGroup;
			children = (
				682CEFA8210A10380000327C /* ViewController.swift */,
				682CEFAA210A10380000327C /* Main.storyboard */,
				682CEFC2210A1D920000327C /* Controllers */,
				28F0397D210A198B00F56BC7 /* Views */,
				28F0397C210A197D00F56BC7 /* Models */,
				28F0397B210A196600F56BC7 /* Supporting Files */,
				682CEFB2210A10390000327C /* Info.plist */,
			);
			path = KnotSeatingHackathon;
			sourceTree = "<group>";
		};
		682CEFC2210A1D920000327C /* Controllers */ = {
			isa = PBXGroup;
			children = (
				682CEFC3210A1DC10000327C /* GuestsViewController.swift */,
				682CEFC4210A1DC10000327C /* GuestsViewController.xib */,
			);
			path = Controllers;
			sourceTree = "<group>";
		};
/* End PBXGroup section */

/* Begin PBXNativeTarget section */
		682CEFA2210A10380000327C /* KnotSeatingHackathon */ = {
			isa = PBXNativeTarget;
			buildConfigurationList = 682CEFB5210A10390000327C /* Build configuration list for PBXNativeTarget "KnotSeatingHackathon" */;
			buildPhases = (
				682CEF9F210A10380000327C /* Sources */,
				682CEFA0210A10380000327C /* Frameworks */,
				682CEFA1210A10380000327C /* Resources */,
			);
			buildRules = (
			);
			dependencies = (
			);
			name = KnotSeatingHackathon;
			productName = KnotSeatingHackathon;
			productReference = 682CEFA3210A10380000327C /* KnotSeatingHackathon.app */;
			productType = "com.apple.product-type.application";
		};
/* End PBXNativeTarget section */

/* Begin PBXProject section */
		682CEF9B210A10380000327C /* Project object */ = {
			isa = PBXProject;
			attributes = {
				LastSwiftUpdateCheck = 0940;
				LastUpgradeCheck = 0940;
				ORGANIZATIONNAME = "XO Group";
				TargetAttributes = {
					682CEFA2210A10380000327C = {
						CreatedOnToolsVersion = 9.4.1;
					};
				};
			};
			buildConfigurationList = 682CEF9E210A10380000327C /* Build configuration list for PBXProject "KnotSeatingHackathon" */;
			compatibilityVersion = "Xcode 9.3";
			developmentRegion = en;
			hasScannedForEncodings = 0;
			knownRegions = (
				en,
				Base,
			);
			mainGroup = 682CEF9A210A10380000327C;
			productRefGroup = 682CEFA4210A10380000327C /* Products */;
			projectDirPath = "";
			projectRoot = "";
			targets = (
				682CEFA2210A10380000327C /* KnotSeatingHackathon */,
			);
		};
/* End PBXProject section */

/* Begin PBXResourcesBuildPhase section */
		682CEFA1210A10380000327C /* Resources */ = {
			isa = PBXResourcesBuildPhase;
			buildActionMask = 2147483647;
			files = (
				682CEFB1210A10390000327C /* LaunchScreen.storyboard in Resources */,
				682CEFAE210A10390000327C /* Assets.xcassets in Resources */,
				682CEFAC210A10380000327C /* Main.storyboard in Resources */,
				682CEFC6210A1DC10000327C /* GuestsViewController.xib in Resources */,
			);
			runOnlyForDeploymentPostprocessing = 0;
		};
/* End PBXResourcesBuildPhase section */

/* Begin PBXSourcesBuildPhase section */
		682CEF9F210A10380000327C /* Sources */ = {
			isa = PBXSourcesBuildPhase;
			buildActionMask = 2147483647;
			files = (
				28F03980210A19DD00F56BC7 /* Table.swift in Sources */,
				682CEFA9210A10380000327C /* ViewController.swift in Sources */,
				682CEFA7210A10380000327C /* AppDelegate.swift in Sources */,
				682CEFC5210A1DC10000327C /* GuestsViewController.swift in Sources */,
			);
			runOnlyForDeploymentPostprocessing = 0;
		};
/* End PBXSourcesBuildPhase section */

/* Begin PBXVariantGroup section */
		682CEFAA210A10380000327C /* Main.storyboard */ = {
			isa = PBXVariantGroup;
			children = (
				682CEFAB210A10380000327C /* Base */,
			);
			name = Main.storyboard;
			sourceTree = "<group>";
		};
		682CEFAF210A10390000327C /* LaunchScreen.storyboard */ = {
			isa = PBXVariantGroup;
			children = (
				682CEFB0210A10390000327C /* Base */,
			);
			name = LaunchScreen.storyboard;
			sourceTree = "<group>";
		};
/* End PBXVariantGroup section */

/* Begin XCBuildConfiguration section */
		682CEFB3210A10390000327C /* Debug */ = {
			isa = XCBuildConfiguration;
			buildSettings = {
				ALWAYS_SEARCH_USER_PATHS = NO;
				CLANG_ANALYZER_NONNULL = YES;
				CLANG_ANALYZER_NUMBER_OBJECT_CONVERSION = YES_AGGRESSIVE;
				CLANG_CXX_LANGUAGE_STANDARD = "gnu++14";
				CLANG_CXX_LIBRARY = "libc++";
				CLANG_ENABLE_MODULES = YES;
				CLANG_ENABLE_OBJC_ARC = YES;
				CLANG_ENABLE_OBJC_WEAK = YES;
				CLANG_WARN_BLOCK_CAPTURE_AUTORELEASING = YES;
				CLANG_WARN_BOOL_CONVERSION = YES;
				CLANG_WARN_COMMA = YES;
				CLANG_WARN_CONSTANT_CONVERSION = YES;
				CLANG_WARN_DEPRECATED_OBJC_IMPLEMENTATIONS = YES;
				CLANG_WARN_DIRECT_OBJC_ISA_USAGE = YES_ERROR;
				CLANG_WARN_DOCUMENTATION_COMMENTS = YES;
				CLANG_WARN_EMPTY_BODY = YES;
				CLANG_WARN_ENUM_CONVERSION = YES;
				CLANG_WARN_INFINITE_RECURSION = YES;
				CLANG_WARN_INT_CONVERSION = YES;
				CLANG_WARN_NON_LITERAL_NULL_CONVERSION = YES;
				CLANG_WARN_OBJC_IMPLICIT_RETAIN_SELF = YES;
				CLANG_WARN_OBJC_LITERAL_CONVERSION = YES;
				CLANG_WARN_OBJC_ROOT_CLASS = YES_ERROR;
				CLANG_WARN_RANGE_LOOP_ANALYSIS = YES;
				CLANG_WARN_STRICT_PROTOTYPES = YES;
				CLANG_WARN_SUSPICIOUS_MOVE = YES;
				CLANG_WARN_UNGUARDED_AVAILABILITY = YES_AGGRESSIVE;
				CLANG_WARN_UNREACHABLE_CODE = YES;
				CLANG_WARN__DUPLICATE_METHOD_MATCH = YES;
				CODE_SIGN_IDENTITY = "iPhone Developer";
				COPY_PHASE_STRIP = NO;
				DEBUG_INFORMATION_FORMAT = dwarf;
				ENABLE_STRICT_OBJC_MSGSEND = YES;
				ENABLE_TESTABILITY = YES;
				GCC_C_LANGUAGE_STANDARD = gnu11;
				GCC_DYNAMIC_NO_PIC = NO;
				GCC_NO_COMMON_BLOCKS = YES;
				GCC_OPTIMIZATION_LEVEL = 0;
				GCC_PREPROCESSOR_DEFINITIONS = (
					"DEBUG=1",
					"$(inherited)",
				);
				GCC_WARN_64_TO_32_BIT_CONVERSION = YES;
				GCC_WARN_ABOUT_RETURN_TYPE = YES_ERROR;
				GCC_WARN_UNDECLARED_SELECTOR = YES;
				GCC_WARN_UNINITIALIZED_AUTOS = YES_AGGRESSIVE;
				GCC_WARN_UNUSED_FUNCTION = YES;
				GCC_WARN_UNUSED_VARIABLE = YES;
				IPHONEOS_DEPLOYMENT_TARGET = 11.4;
				MTL_ENABLE_DEBUG_INFO = YES;
				ONLY_ACTIVE_ARCH = YES;
				SDKROOT = iphoneos;
				SWIFT_ACTIVE_COMPILATION_CONDITIONS = DEBUG;
				SWIFT_OPTIMIZATION_LEVEL = "-Onone";
			};
			name = Debug;
		};
		682CEFB4210A10390000327C /* Release */ = {
			isa = XCBuildConfiguration;
			buildSettings = {
				ALWAYS_SEARCH_USER_PATHS = NO;
				CLANG_ANALYZER_NONNULL = YES;
				CLANG_ANALYZER_NUMBER_OBJECT_CONVERSION = YES_AGGRESSIVE;
				CLANG_CXX_LANGUAGE_STANDARD = "gnu++14";
				CLANG_CXX_LIBRARY = "libc++";
				CLANG_ENABLE_MODULES = YES;
				CLANG_ENABLE_OBJC_ARC = YES;
				CLANG_ENABLE_OBJC_WEAK = YES;
				CLANG_WARN_BLOCK_CAPTURE_AUTORELEASING = YES;
				CLANG_WARN_BOOL_CONVERSION = YES;
				CLANG_WARN_COMMA = YES;
				CLANG_WARN_CONSTANT_CONVERSION = YES;
				CLANG_WARN_DEPRECATED_OBJC_IMPLEMENTATIONS = YES;
				CLANG_WARN_DIRECT_OBJC_ISA_USAGE = YES_ERROR;
				CLANG_WARN_DOCUMENTATION_COMMENTS = YES;
				CLANG_WARN_EMPTY_BODY = YES;
				CLANG_WARN_ENUM_CONVERSION = YES;
				CLANG_WARN_INFINITE_RECURSION = YES;
				CLANG_WARN_INT_CONVERSION = YES;
				CLANG_WARN_NON_LITERAL_NULL_CONVERSION = YES;
				CLANG_WARN_OBJC_IMPLICIT_RETAIN_SELF = YES;
				CLANG_WARN_OBJC_LITERAL_CONVERSION = YES;
				CLANG_WARN_OBJC_ROOT_CLASS = YES_ERROR;
				CLANG_WARN_RANGE_LOOP_ANALYSIS = YES;
				CLANG_WARN_STRICT_PROTOTYPES = YES;
				CLANG_WARN_SUSPICIOUS_MOVE = YES;
				CLANG_WARN_UNGUARDED_AVAILABILITY = YES_AGGRESSIVE;
				CLANG_WARN_UNREACHABLE_CODE = YES;
				CLANG_WARN__DUPLICATE_METHOD_MATCH = YES;
				CODE_SIGN_IDENTITY = "iPhone Developer";
				COPY_PHASE_STRIP = NO;
				DEBUG_INFORMATION_FORMAT = "dwarf-with-dsym";
				ENABLE_NS_ASSERTIONS = NO;
				ENABLE_STRICT_OBJC_MSGSEND = YES;
				GCC_C_LANGUAGE_STANDARD = gnu11;
				GCC_NO_COMMON_BLOCKS = YES;
				GCC_WARN_64_TO_32_BIT_CONVERSION = YES;
				GCC_WARN_ABOUT_RETURN_TYPE = YES_ERROR;
				GCC_WARN_UNDECLARED_SELECTOR = YES;
				GCC_WARN_UNINITIALIZED_AUTOS = YES_AGGRESSIVE;
				GCC_WARN_UNUSED_FUNCTION = YES;
				GCC_WARN_UNUSED_VARIABLE = YES;
				IPHONEOS_DEPLOYMENT_TARGET = 11.4;
				MTL_ENABLE_DEBUG_INFO = NO;
				SDKROOT = iphoneos;
				SWIFT_COMPILATION_MODE = wholemodule;
				SWIFT_OPTIMIZATION_LEVEL = "-O";
				VALIDATE_PRODUCT = YES;
			};
			name = Release;
		};
		682CEFB6210A10390000327C /* Debug */ = {
			isa = XCBuildConfiguration;
			buildSettings = {
				ASSETCATALOG_COMPILER_APPICON_NAME = AppIcon;
				CODE_SIGN_STYLE = Automatic;
				DEVELOPMENT_TEAM = 2JVZ3VZ64M;
				INFOPLIST_FILE = KnotSeatingHackathon/Info.plist;
				LD_RUNPATH_SEARCH_PATHS = (
					"$(inherited)",
					"@executable_path/Frameworks",
				);
				PRODUCT_BUNDLE_IDENTIFIER = com.xogroup.KnotSeatingHackathon;
				PRODUCT_NAME = "$(TARGET_NAME)";
				SWIFT_VERSION = 4.0;
				TARGETED_DEVICE_FAMILY = 2;
			};
			name = Debug;
		};
		682CEFB7210A10390000327C /* Release */ = {
			isa = XCBuildConfiguration;
			buildSettings = {
				ASSETCATALOG_COMPILER_APPICON_NAME = AppIcon;
				CODE_SIGN_STYLE = Automatic;
				DEVELOPMENT_TEAM = 2JVZ3VZ64M;
				INFOPLIST_FILE = KnotSeatingHackathon/Info.plist;
				LD_RUNPATH_SEARCH_PATHS = (
					"$(inherited)",
					"@executable_path/Frameworks",
				);
				PRODUCT_BUNDLE_IDENTIFIER = com.xogroup.KnotSeatingHackathon;
				PRODUCT_NAME = "$(TARGET_NAME)";
				SWIFT_VERSION = 4.0;
				TARGETED_DEVICE_FAMILY = 2;
			};
			name = Release;
		};
/* End XCBuildConfiguration section */

/* Begin XCConfigurationList section */
		682CEF9E210A10380000327C /* Build configuration list for PBXProject "KnotSeatingHackathon" */ = {
			isa = XCConfigurationList;
			buildConfigurations = (
				682CEFB3210A10390000327C /* Debug */,
				682CEFB4210A10390000327C /* Release */,
			);
			defaultConfigurationIsVisible = 0;
			defaultConfigurationName = Release;
		};
		682CEFB5210A10390000327C /* Build configuration list for PBXNativeTarget "KnotSeatingHackathon" */ = {
			isa = XCConfigurationList;
			buildConfigurations = (
				682CEFB6210A10390000327C /* Debug */,
				682CEFB7210A10390000327C /* Release */,
			);
			defaultConfigurationIsVisible = 0;
			defaultConfigurationName = Release;
		};
/* End XCConfigurationList section */
	};
	rootObject = 682CEF9B210A10380000327C /* Project object */;
}
